
Microsoft Visual Studio Solution File, Format Version 12.00
# Visual Studio Version 16
VisualStudioVersion = 16.0.30204.135
MinimumVisualStudioVersion = 10.0.40219.1
Project("{2150E333-8FDC-42A3-9474-1A3956D46DE8}") = "NewFolder1", "NewFolder1", "{D939AD1A-9D9B-441E-A2D6-15573430F731}"
EndProject
Project("{00D1A9C2-B5F0-4AF3-8072-F6C62B433612}") = "DevEducationControlSystem.DataBaseProject", "DevEducationControlSystem.DataBaseProject\DevEducationControlSystem.DataBaseProject.sqlproj", "{F66016D1-DEF5-4D5A-BF35-E2A26CF21D99}"
EndProject
Global
	GlobalSection(SolutionConfigurationPlatforms) = preSolution
		Debug|Any CPU = Debug|Any CPU
		Release|Any CPU = Release|Any CPU
	EndGlobalSection
	GlobalSection(ProjectConfigurationPlatforms) = postSolution
		{F66016D1-DEF5-4D5A-BF35-E2A26CF21D99}.Debug|Any CPU.ActiveCfg = Debug|Any CPU
		{F66016D1-DEF5-4D5A-BF35-E2A26CF21D99}.Debug|Any CPU.Build.0 = Debug|Any CPU
		{F66016D1-DEF5-4D5A-BF35-E2A26CF21D99}.Debug|Any CPU.Deploy.0 = Debug|Any CPU
		{F66016D1-DEF5-4D5A-BF35-E2A26CF21D99}.Release|Any CPU.ActiveCfg = Release|Any CPU
		{F66016D1-DEF5-4D5A-BF35-E2A26CF21D99}.Release|Any CPU.Build.0 = Release|Any CPU
		{F66016D1-DEF5-4D5A-BF35-E2A26CF21D99}.Release|Any CPU.Deploy.0 = Release|Any CPU
	EndGlobalSection
	GlobalSection(SolutionProperties) = preSolution
		HideSolutionNode = FALSE
	EndGlobalSection
	GlobalSection(ExtensibilityGlobals) = postSolution
		SolutionGuid = {6976DD08-D04D-488F-A37E-B76A7AB0F05C}
	EndGlobalSection
EndGlobal
